
Microsoft Visual Studio Solution File, Format Version 12.00
# Visual Studio Version 16
VisualStudioVersion = 16.0.31624.102
MinimumVisualStudioVersion = 10.0.40219.1
Project("{FAE04EC0-301F-11D3-BF4B-00C04F79EFBC}") = "AVP2MemorySniffer", "AVP2MemorySniffer.csproj", "{9CAB26EC-FC88-44CF-AD3E-EA56C51EF098}"
EndProject
Global
	GlobalSection(SolutionConfigurationPlatforms) = preSolution
		Debug|Any CPU = Debug|Any CPU
		Release|Any CPU = Release|Any CPU
	EndGlobalSection
	GlobalSection(ProjectConfigurationPlatforms) = postSolution
		{9CAB26EC-FC88-44CF-AD3E-EA56C51EF098}.Debug|Any CPU.ActiveCfg = Debug|Any CPU
		{9CAB26EC-FC88-44CF-AD3E-EA56C51EF098}.Debug|Any CPU.Build.0 = Debug|Any CPU
		{9CAB26EC-FC88-44CF-AD3E-EA56C51EF098}.Release|Any CPU.ActiveCfg = Release|Any CPU
		{9CAB26EC-FC88-44CF-AD3E-EA56C51EF098}.Release|Any CPU.Build.0 = Release|Any CPU
	EndGlobalSection
	GlobalSection(SolutionProperties) = preSolution
		HideSolutionNode = FALSE
	EndGlobalSection
	GlobalSection(ExtensibilityGlobals) = postSolution
		SolutionGuid = {59E75F0A-9826-46AB-B5AD-2851D16FF43D}
	EndGlobalSection
EndGlobal
